
Microsoft Visual Studio Solution File, Format Version 12.00
# Visual Studio Version 17
VisualStudioVersion = 17.14.37111.16
MinimumVisualStudioVersion = 10.0.40219.1
Project("{FAE04EC0-301F-11D3-BF4B-00C04F79EFBC}") = "ІК-51_23_Логінова В.Р.", "ІК-51_23_Логінова В.Р..csproj", "{3AFB4A33-DD72-4770-84D7-53C4B93DEBCC}"
EndProject
Global
	GlobalSection(SolutionConfigurationPlatforms) = preSolution
		Debug|Any CPU = Debug|Any CPU
		Release|Any CPU = Release|Any CPU
	EndGlobalSection
	GlobalSection(ProjectConfigurationPlatforms) = postSolution
		{3AFB4A33-DD72-4770-84D7-53C4B93DEBCC}.Debug|Any CPU.ActiveCfg = Debug|Any CPU
		{3AFB4A33-DD72-4770-84D7-53C4B93DEBCC}.Debug|Any CPU.Build.0 = Debug|Any CPU
		{3AFB4A33-DD72-4770-84D7-53C4B93DEBCC}.Release|Any CPU.ActiveCfg = Release|Any CPU
		{3AFB4A33-DD72-4770-84D7-53C4B93DEBCC}.Release|Any CPU.Build.0 = Release|Any CPU
	EndGlobalSection
	GlobalSection(SolutionProperties) = preSolution
		HideSolutionNode = FALSE
	EndGlobalSection
	GlobalSection(ExtensibilityGlobals) = postSolution
		SolutionGuid = {E552B774-A71A-44FD-B3FC-1DC5A6E98F27}
	EndGlobalSection
EndGlobal
